
Microsoft Visual Studio Solution File, Format Version 12.00
# Visual Studio Version 17
VisualStudioVersion = 17.11.35312.102
MinimumVisualStudioVersion = 10.0.40219.1
Project("{FAE04EC0-301F-11D3-BF4B-00C04F79EFBC}") = "DailyOrdersEmail", "DailyOrdersEmail.csproj", "{3B0302B3-63A5-4A9F-8DD8-99C0143F78EA}"
EndProject
Global
	GlobalSection(SolutionConfigurationPlatforms) = preSolution
		Debug|Any CPU = Debug|Any CPU
		Release|Any CPU = Release|Any CPU
	EndGlobalSection
	GlobalSection(ProjectConfigurationPlatforms) = postSolution
		{3B0302B3-63A5-4A9F-8DD8-99C0143F78EA}.Debug|Any CPU.ActiveCfg = Debug|Any CPU
		{3B0302B3-63A5-4A9F-8DD8-99C0143F78EA}.Debug|Any CPU.Build.0 = Debug|Any CPU
		{3B0302B3-63A5-4A9F-8DD8-99C0143F78EA}.Release|Any CPU.ActiveCfg = Release|Any CPU
		{3B0302B3-63A5-4A9F-8DD8-99C0143F78EA}.Release|Any CPU.Build.0 = Release|Any CPU
	EndGlobalSection
	GlobalSection(SolutionProperties) = preSolution
		HideSolutionNode = FALSE
	EndGlobalSection
	GlobalSection(ExtensibilityGlobals) = postSolution
		SolutionGuid = {46401F14-B93B-4AE0-B991-C811054C5195}
	EndGlobalSection
EndGlobal
